
Microsoft Visual Studio Solution File, Format Version 12.00
# Visual Studio Version 16
VisualStudioVersion = 16.0.30621.155
MinimumVisualStudioVersion = 10.0.40219.1
Project("{FAE04EC0-301F-11D3-BF4B-00C04F79EFBC}") = "ZlatnaGeneracijaCrveneZvezde", "ZlatnaGeneracijaCrveneZvezde\ZlatnaGeneracijaCrveneZvezde.csproj", "{ECDC096D-4C69-441E-A392-B51326B23254}"
EndProject
Global
	GlobalSection(SolutionConfigurationPlatforms) = preSolution
		Debug|Any CPU = Debug|Any CPU
		Release|Any CPU = Release|Any CPU
	EndGlobalSection
	GlobalSection(ProjectConfigurationPlatforms) = postSolution
		{ECDC096D-4C69-441E-A392-B51326B23254}.Debug|Any CPU.ActiveCfg = Debug|Any CPU
		{ECDC096D-4C69-441E-A392-B51326B23254}.Debug|Any CPU.Build.0 = Debug|Any CPU
		{ECDC096D-4C69-441E-A392-B51326B23254}.Release|Any CPU.ActiveCfg = Release|Any CPU
		{ECDC096D-4C69-441E-A392-B51326B23254}.Release|Any CPU.Build.0 = Release|Any CPU
	EndGlobalSection
	GlobalSection(SolutionProperties) = preSolution
		HideSolutionNode = FALSE
	EndGlobalSection
	GlobalSection(ExtensibilityGlobals) = postSolution
		SolutionGuid = {765790CB-0289-4579-9781-23A1623B6ABB}
	EndGlobalSection
EndGlobal
